{
  "requires": true,
  "lockfileVersion": 1,
  "dependencies": {
    "@types/jquery": {
      "version": "3.3.6",
      "resolved": "https://registry.npmjs.org/@types/jquery/-/jquery-3.3.6.tgz",
      "integrity": "sha512-403D4wN95Mtzt2EoQHARf5oe/jEPhzBOBNrunk+ydQGW8WmkQ/E8rViRAEB1qEt/vssfGfNVD6ujP4FVeegrLg=="
    }
  }
}
